
Microsoft Visual Studio Solution File, Format Version 12.00
# Visual Studio Version 17
VisualStudioVersion = 17.3.32922.545
MinimumVisualStudioVersion = 10.0.40219.1
Project("{8BC9CEB8-8B4A-11D0-8D11-00A0C91BC942}") = "test1", "test1.vcxproj", "{E1D40269-6DFC-465D-A3BD-5445B183FCBB}"
EndProject
Project("{8BC9CEB8-8B4A-11D0-8D11-00A0C91BC942}") = "test2", "test2.vcxproj", "{1747844E-FCF0-4D8A-9348-8363D4A01913}"
EndProject
Project("{8BC9CEB8-8B4A-11D0-8D11-00A0C91BC942}") = "test3", "test3.vcxproj", "{9344B771-C9A8-4A80-9D54-B0BFE3487B60}"
EndProject
Project("{8BC9CEB8-8B4A-11D0-8D11-00A0C91BC942}") = "test4", "test4.vcxproj", "{F5B47C87-4DC8-41A1-B613-E2267FF40181}"
EndProject
Project("{8BC9CEB8-8B4A-11D0-8D11-00A0C91BC942}") = "test5", "test5.vcxproj", "{F846E1D3-E2C8-47D9-9539-223DBF83C249}"
EndProject
Project("{8BC9CEB8-8B4A-11D0-8D11-00A0C91BC942}") = "test6", "test6.vcxproj", "{A70CF918-6F2F-46CA-BBE0-7D0CEFA23899}"
EndProject
Project("{8BC9CEB8-8B4A-11D0-8D11-00A0C91BC942}") = "test7", "test7.vcxproj", "{52282531-F35F-42D0-8DE8-ECE5E7023761}"
EndProject
Project("{8BC9CEB8-8B4A-11D0-8D11-00A0C91BC942}") = "test8", "test8.vcxproj", "{32A06CA0-D888-4DC3-AD91-197F480EAC3B}"
EndProject
Project("{8BC9CEB8-8B4A-11D0-8D11-00A0C91BC942}") = "test9", "test9.vcxproj", "{94EF9276-21D3-4688-8E88-A39432DCA5BA}"
EndProject
Project("{8BC9CEB8-8B4A-11D0-8D11-00A0C91BC942}") = "test10", "test10.vcxproj", "{E413D09A-6A5C-4935-8295-A52F87B248EB}"
EndProject
Project("{8BC9CEB8-8B4A-11D0-8D11-00A0C91BC942}") = "test11", "test11.vcxproj", "{118095EE-439E-4EF1-8024-AAFA5BD84E8F}"
EndProject
Project("{8BC9CEB8-8B4A-11D0-8D11-00A0C91BC942}") = "test12", "test12.vcxproj", "{5118BA20-51FB-453E-8F45-0D5AE2819A74}"
EndProject
Project("{8BC9CEB8-8B4A-11D0-8D11-00A0C91BC942}") = "test13", "test13.vcxproj", "{9A9E01BD-1246-4C0B-A58E-D2CC1BE30A5B}"
EndProject
Project("{8BC9CEB8-8B4A-11D0-8D11-00A0C91BC942}") = "test14", "test14.vcxproj", "{93270410-B79C-475D-9D18-5E1F1FDC856D}"
EndProject
Project("{8BC9CEB8-8B4A-11D0-8D11-00A0C91BC942}") = "test15", "test15.vcxproj", "{1B2B353D-7B89-4746-9403-01E828F8F99B}"
EndProject
Project("{8BC9CEB8-8B4A-11D0-8D11-00A0C91BC942}") = "test16", "test16.vcxproj", "{89743264-9333-401A-83F9-FE1DF4DB79FA}"
EndProject
Project("{8BC9CEB8-8B4A-11D0-8D11-00A0C91BC942}") = "test18", "test18.vcxproj", "{61F366F6-C796-4C6D-9D4C-9B05B7DB8783}"
EndProject
Project("{8BC9CEB8-8B4A-11D0-8D11-00A0C91BC942}") = "test19", "test19.vcxproj", "{FF6E7EA3-511B-40B0-B778-BF4D4B53F7B7}"
EndProject
Project("{8BC9CEB8-8B4A-11D0-8D11-00A0C91BC942}") = "test20", "test20.vcxproj", "{A816802B-DCE6-46CB-9349-E7467574BF47}"
EndProject
Project("{8BC9CEB8-8B4A-11D0-8D11-00A0C91BC942}") = "test21", "test21.vcxproj", "{02A12A1A-1D63-44FE-85D4-14467B743572}"
EndProject
Project("{8BC9CEB8-8B4A-11D0-8D11-00A0C91BC942}") = "test22", "test22.vcxproj", "{E42607D1-CCA2-46D7-BD42-6A1EC63A73AA}"
EndProject
Project("{8BC9CEB8-8B4A-11D0-8D11-00A0C91BC942}") = "test23", "test23.vcxproj", "{E8048AF5-801A-4E7F-BE2A-BD66B69947AF}"
EndProject
Project("{8BC9CEB8-8B4A-11D0-8D11-00A0C91BC942}") = "test24", "test24.vcxproj", "{128B8151-F6C2-42E4-B0B0-D6271BF1C562}"
EndProject
Project("{8BC9CEB8-8B4A-11D0-8D11-00A0C91BC942}") = "test25", "test25.vcxproj", "{E89173F5-7018-45F7-B5F4-FDD894E5CB56}"
EndProject
Project("{8BC9CEB8-8B4A-11D0-8D11-00A0C91BC942}") = "test26", "test26.vcxproj", "{4AFE7218-546A-419B-B31E-9E8A8E03BB0A}"
EndProject
Project("{8BC9CEB8-8B4A-11D0-8D11-00A0C91BC942}") = "test27", "test27.vcxproj", "{88C30752-686C-4541-BE45-FC59BFBD9D83}"
EndProject
Project("{8BC9CEB8-8B4A-11D0-8D11-00A0C91BC942}") = "test28", "test28.vcxproj", "{5D8D52CF-0EA4-4256-A38D-11D2E7DBFA59}"
EndProject
Project("{8BC9CEB8-8B4A-11D0-8D11-00A0C91BC942}") = "test29", "test29.vcxproj", "{1DC748B7-9412-4D85-BB23-649C49D7818D}"
EndProject
Project("{8BC9CEB8-8B4A-11D0-8D11-00A0C91BC942}") = "test30", "test30.vcxproj", "{550F7076-8EC3-437A-854D-41488280E18D}"
EndProject
Project("{8BC9CEB8-8B4A-11D0-8D11-00A0C91BC942}") = "test31", "test31.vcxproj", "{D5AB0B63-2532-4EF4-B8A6-C74D6577F90E}"
EndProject
Project("{8BC9CEB8-8B4A-11D0-8D11-00A0C91BC942}") = "test32", "test32.vcxproj", "{AF6E576B-31E9-4838-AA42-1CDC5F7A2167}"
EndProject
Project("{8BC9CEB8-8B4A-11D0-8D11-00A0C91BC942}") = "test33", "test33.vcxproj", "{FC25100A-7915-4030-BEE1-B2AEE8EF8D57}"
EndProject
Project("{8BC9CEB8-8B4A-11D0-8D11-00A0C91BC942}") = "test34", "test34.vcxproj", "{9C4E2BB9-FFDF-40E5-9C20-72E8D4ED2B15}"
EndProject
Project("{8BC9CEB8-8B4A-11D0-8D11-00A0C91BC942}") = "test35", "test35.vcxproj", "{48D7B799-538C-4F41-AA4A-A5EBD936AD2F}"
EndProject
Project("{8BC9CEB8-8B4A-11D0-8D11-00A0C91BC942}") = "test36", "test36.vcxproj", "{A15D12E2-E1D5-4D09-B54C-7F50955705CB}"
EndProject
Project("{8BC9CEB8-8B4A-11D0-8D11-00A0C91BC942}") = "test38", "test38.vcxproj", "{201BAF97-F7C3-4C58-BC75-E93AB9BD7DB9}"
EndProject
Project("{8BC9CEB8-8B4A-11D0-8D11-00A0C91BC942}") = "test39", "test39.vcxproj", "{220E9FB0-3BD1-4D56-9CEE-CD1864E2304C}"
EndProject
Project("{8BC9CEB8-8B4A-11D0-8D11-00A0C91BC942}") = "test40", "test40.vcxproj", "{F94D6333-8992-4F8D-92EC-D52F287EE0D1}"
EndProject
Project("{8BC9CEB8-8B4A-11D0-8D11-00A0C91BC942}") = "test41", "test41.vcxproj", "{DACE6C57-23BF-4E6C-9988-354AA3A7E691}"
EndProject
Project("{8BC9CEB8-8B4A-11D0-8D11-00A0C91BC942}") = "test42", "test42.vcxproj", "{A8244B78-DA5C-4837-B1D5-D840D27CC2E1}"
EndProject
Project("{8BC9CEB8-8B4A-11D0-8D11-00A0C91BC942}") = "test43", "test43.vcxproj", "{B56A2B52-1315-4310-9F09-EDA1571C29E8}"
EndProject
Project("{8BC9CEB8-8B4A-11D0-8D11-00A0C91BC942}") = "test44", "test44.vcxproj", "{1E06B3D9-DDC0-428A-83D5-7042FE1662E5}"
EndProject
Project("{8BC9CEB8-8B4A-11D0-8D11-00A0C91BC942}") = "test45", "test45.vcxproj", "{B4C54506-5BF7-42E6-95DA-54101C09FFCF}"
EndProject
Project("{8BC9CEB8-8B4A-11D0-8D11-00A0C91BC942}") = "test46", "test46.vcxproj", "{EB003B1B-8B74-42A1-B5F3-8D33484086F6}"
EndProject
Project("{8BC9CEB8-8B4A-11D0-8D11-00A0C91BC942}") = "test47", "test47.vcxproj", "{94E7B97C-63A0-4994-98F5-B3E4AB74047E}"
EndProject
Global
	GlobalSection(SolutionConfigurationPlatforms) = preSolution
		Debug|x64 = Debug|x64
		Debug|x86 = Debug|x86
		Release|x64 = Release|x64
		Release|x86 = Release|x86
	EndGlobalSection
	GlobalSection(ProjectConfigurationPlatforms) = postSolution
		{E1D40269-6DFC-465D-A3BD-5445B183FCBB}.Debug|x64.ActiveCfg = Debug|x64
		{E1D40269-6DFC-465D-A3BD-5445B183FCBB}.Debug|x64.Build.0 = Debug|x64
		{E1D40269-6DFC-465D-A3BD-5445B183FCBB}.Debug|x86.ActiveCfg = Debug|Win32
		{E1D40269-6DFC-465D-A3BD-5445B183FCBB}.Debug|x86.Build.0 = Debug|Win32
		{E1D40269-6DFC-465D-A3BD-5445B183FCBB}.Release|x64.ActiveCfg = Release|x64
		{E1D40269-6DFC-465D-A3BD-5445B183FCBB}.Release|x64.Build.0 = Release|x64
		{E1D40269-6DFC-465D-A3BD-5445B183FCBB}.Release|x86.ActiveCfg = Release|Win32
		{E1D40269-6DFC-465D-A3BD-5445B183FCBB}.Release|x86.Build.0 = Release|Win32
		{1747844E-FCF0-4D8A-9348-8363D4A01913}.Debug|x64.ActiveCfg = Debug|x64
		{1747844E-FCF0-4D8A-9348-8363D4A01913}.Debug|x64.Build.0 = Debug|x64
		{1747844E-FCF0-4D8A-9348-8363D4A01913}.Debug|x86.ActiveCfg = Debug|Win32
		{1747844E-FCF0-4D8A-9348-8363D4A01913}.Debug|x86.Build.0 = Debug|Win32
		{1747844E-FCF0-4D8A-9348-8363D4A01913}.Release|x64.ActiveCfg = Release|x64
		{1747844E-FCF0-4D8A-9348-8363D4A01913}.Release|x64.Build.0 = Release|x64
		{1747844E-FCF0-4D8A-9348-8363D4A01913}.Release|x86.ActiveCfg = Release|Win32
		{1747844E-FCF0-4D8A-9348-8363D4A01913}.Release|x86.Build.0 = Release|Win32
		{9344B771-C9A8-4A80-9D54-B0BFE3487B60}.Debug|x64.ActiveCfg = Debug|x64
		{9344B771-C9A8-4A80-9D54-B0BFE3487B60}.Debug|x64.Build.0 = Debug|x64
		{9344B771-C9A8-4A80-9D54-B0BFE3487B60}.Debug|x86.ActiveCfg = Debug|Win32
		{9344B771-C9A8-4A80-9D54-B0BFE3487B60}.Debug|x86.Build.0 = Debug|Win32
		{9344B771-C9A8-4A80-9D54-B0BFE3487B60}.Release|x64.ActiveCfg = Release|x64
		{9344B771-C9A8-4A80-9D54-B0BFE3487B60}.Release|x64.Build.0 = Release|x64
		{9344B771-C9A8-4A80-9D54-B0BFE3487B60}.Release|x86.ActiveCfg = Release|Win32
		{9344B771-C9A8-4A80-9D54-B0BFE3487B60}.Release|x86.Build.0 = Release|Win32
		{F5B47C87-4DC8-41A1-B613-E2267FF40181}.Debug|x64.ActiveCfg = Debug|x64
		{F5B47C87-4DC8-41A1-B613-E2267FF40181}.Debug|x64.Build.0 = Debug|x64
		{F5B47C87-4DC8-41A1-B613-E2267FF40181}.Debug|x86.ActiveCfg = Debug|Win32
		{F5B47C87-4DC8-41A1-B613-E2267FF40181}.Debug|x86.Build.0 = Debug|Win32
		{F5B47C87-4DC8-41A1-B613-E2267FF40181}.Release|x64.ActiveCfg = Release|x64
		{F5B47C87-4DC8-41A1-B613-E2267FF40181}.Release|x64.Build.0 = Release|x64
		{F5B47C87-4DC8-41A1-B613-E2267FF40181}.Release|x86.ActiveCfg = Release|Win32
		{F5B47C87-4DC8-41A1-B613-E2267FF40181}.Release|x86.Build.0 = Release|Win32
		{F846E1D3-E2C8-47D9-9539-223DBF83C249}.Debug|x64.ActiveCfg = Debug|x64
		{F846E1D3-E2C8-47D9-9539-223DBF83C249}.Debug|x64.Build.0 = Debug|x64
		{F846E1D3-E2C8-47D9-9539-223DBF83C249}.Debug|x86.ActiveCfg = Debug|Win32
		{F846E1D3-E2C8-47D9-9539-223DBF83C249}.Debug|x86.Build.0 = Debug|Win32
		{F846E1D3-E2C8-47D9-9539-223DBF83C249}.Release|x64.ActiveCfg = Release|x64
		{F846E1D3-E2C8-47D9-9539-223DBF83C249}.Release|x64.Build.0 = Release|x64
		{F846E1D3-E2C8-47D9-9539-223DBF83C249}.Release|x86.ActiveCfg = Release|Win32
		{F846E1D3-E2C8-47D9-9539-223DBF83C249}.Release|x86.Build.0 = Release|Win32
		{A70CF918-6F2F-46CA-BBE0-7D0CEFA23899}.Debug|x64.ActiveCfg = Debug|x64
		{A70CF918-6F2F-46CA-BBE0-7D0CEFA23899}.Debug|x64.Build.0 = Debug|x64
		{A70CF918-6F2F-46CA-BBE0-7D0CEFA23899}.Debug|x86.ActiveCfg = Debug|Win32
		{A70CF918-6F2F-46CA-BBE0-7D0CEFA23899}.Debug|x86.Build.0 = Debug|Win32
		{A70CF918-6F2F-46CA-BBE0-7D0CEFA23899}.Release|x64.ActiveCfg = Release|x64
		{A70CF918-6F2F-46CA-BBE0-7D0CEFA23899}.Release|x64.Build.0 = Release|x64
		{A70CF918-6F2F-46CA-BBE0-7D0CEFA23899}.Release|x86.ActiveCfg = Release|Win32
		{A70CF918-6F2F-46CA-BBE0-7D0CEFA23899}.Release|x86.Build.0 = Release|Win32
		{52282531-F35F-42D0-8DE8-ECE5E7023761}.Debug|x64.ActiveCfg = Debug|x64
		{52282531-F35F-42D0-8DE8-ECE5E7023761}.Debug|x64.Build.0 = Debug|x64
		{52282531-F35F-42D0-8DE8-ECE5E7023761}.Debug|x86.ActiveCfg = Debug|Win32
		{52282531-F35F-42D0-8DE8-ECE5E7023761}.Debug|x86.Build.0 = Debug|Win32
		{52282531-F35F-42D0-8DE8-ECE5E7023761}.Release|x64.ActiveCfg = Release|x64
		{52282531-F35F-42D0-8DE8-ECE5E7023761}.Release|x64.Build.0 = Release|x64
		{52282531-F35F-42D0-8DE8-ECE5E7023761}.Release|x86.ActiveCfg = Release|Win32
		{52282531-F35F-42D0-8DE8-ECE5E7023761}.Release|x86.Build.0 = Release|Win32
		{32A06CA0-D888-4DC3-AD91-197F480EAC3B}.Debug|x64.ActiveCfg = Debug|x64
		{32A06CA0-D888-4DC3-AD91-197F480EAC3B}.Debug|x64.Build.0 = Debug|x64
		{32A06CA0-D888-4DC3-AD91-197F480EAC3B}.Debug|x86.ActiveCfg = Debug|Win32
		{32A06CA0-D888-4DC3-AD91-197F480EAC3B}.Debug|x86.Build.0 = Debug|Win32
		{32A06CA0-D888-4DC3-AD91-197F480EAC3B}.Release|x64.ActiveCfg = Release|x64
		{32A06CA0-D888-4DC3-AD91-197F480EAC3B}.Release|x64.Build.0 = Release|x64
		{32A06CA0-D888-4DC3-AD91-197F480EAC3B}.Release|x86.ActiveCfg = Release|Win32
		{32A06CA0-D888-4DC3-AD91-197F480EAC3B}.Release|x86.Build.0 = Release|Win32
		{94EF9276-21D3-4688-8E88-A39432DCA5BA}.Debug|x64.ActiveCfg = Debug|x64
		{94EF9276-21D3-4688-8E88-A39432DCA5BA}.Debug|x64.Build.0 = Debug|x64
		{94EF9276-21D3-4688-8E88-A39432DCA5BA}.Debug|x86.ActiveCfg = Debug|Win32
		{94EF9276-21D3-4688-8E88-A39432DCA5BA}.Debug|x86.Build.0 = Debug|Win32
		{94EF9276-21D3-4688-8E88-A39432DCA5BA}.Release|x64.ActiveCfg = Release|x64
		{94EF9276-21D3-4688-8E88-A39432DCA5BA}.Release|x64.Build.0 = Release|x64
		{94EF9276-21D3-4688-8E88-A39432DCA5BA}.Release|x86.ActiveCfg = Release|Win32
		{94EF9276-21D3-4688-8E88-A39432DCA5BA}.Release|x86.Build.0 = Release|Win32
		{E413D09A-6A5C-4935-8295-A52F87B248EB}.Debug|x64.ActiveCfg = Debug|x64
		{E413D09A-6A5C-4935-8295-A52F87B248EB}.Debug|x64.Build.0 = Debug|x64
		{E413D09A-6A5C-4935-8295-A52F87B248EB}.Debug|x86.ActiveCfg = Debug|Win32
		{E413D09A-6A5C-4935-8295-A52F87B248EB}.Debug|x86.Build.0 = Debug|Win32
		{E413D09A-6A5C-4935-8295-A52F87B248EB}.Release|x64.ActiveCfg = Release|x64
		{E413D09A-6A5C-4935-8295-A52F87B248EB}.Release|x64.Build.0 = Release|x64
		{E413D09A-6A5C-4935-8295-A52F87B248EB}.Release|x86.ActiveCfg = Release|Win32
		{E413D09A-6A5C-4935-8295-A52F87B248EB}.Release|x86.Build.0 = Release|Win32
		{118095EE-439E-4EF1-8024-AAFA5BD84E8F}.Debug|x64.ActiveCfg = Debug|x64
		{118095EE-439E-4EF1-8024-AAFA5BD84E8F}.Debug|x64.Build.0 = Debug|x64
		{118095EE-439E-4EF1-8024-AAFA5BD84E8F}.Debug|x86.ActiveCfg = Debug|Win32
		{118095EE-439E-4EF1-8024-AAFA5BD84E8F}.Debug|x86.Build.0 = Debug|Win32
		{118095EE-439E-4EF1-8024-AAFA5BD84E8F}.Release|x64.ActiveCfg = Release|x64
		{118095EE-439E-4EF1-8024-AAFA5BD84E8F}.Release|x64.Build.0 = Release|x64
		{118095EE-439E-4EF1-8024-AAFA5BD84E8F}.Release|x86.ActiveCfg = Release|Win32
		{118095EE-439E-4EF1-8024-AAFA5BD84E8F}.Release|x86.Build.0 = Release|Win32
		{5118BA20-51FB-453E-8F45-0D5AE2819A74}.Debug|x64.ActiveCfg = Debug|x64
		{5118BA20-51FB-453E-8F45-0D5AE2819A74}.Debug|x64.Build.0 = Debug|x64
		{5118BA20-51FB-453E-8F45-0D5AE2819A74}.Debug|x86.ActiveCfg = Debug|Win32
		{5118BA20-51FB-453E-8F45-0D5AE2819A74}.Debug|x86.Build.0 = Debug|Win32
		{5118BA20-51FB-453E-8F45-0D5AE2819A74}.Release|x64.ActiveCfg = Release|x64
		{5118BA20-51FB-453E-8F45-0D5AE2819A74}.Release|x64.Build.0 = Release|x64
		{5118BA20-51FB-453E-8F45-0D5AE2819A74}.Release|x86.ActiveCfg = Release|Win32
		{5118BA20-51FB-453E-8F45-0D5AE2819A74}.Release|x86.Build.0 = Release|Win32
		{9A9E01BD-1246-4C0B-A58E-D2CC1BE30A5B}.Debug|x64.ActiveCfg = Debug|x64
		{9A9E01BD-1246-4C0B-A58E-D2CC1BE30A5B}.Debug|x64.Build.0 = Debug|x64
		{9A9E01BD-1246-4C0B-A58E-D2CC1BE30A5B}.Debug|x86.ActiveCfg = Debug|Win32
		{9A9E01BD-1246-4C0B-A58E-D2CC1BE30A5B}.Debug|x86.Build.0 = Debug|Win32
		{9A9E01BD-1246-4C0B-A58E-D2CC1BE30A5B}.Release|x64.ActiveCfg = Release|x64
		{9A9E01BD-1246-4C0B-A58E-D2CC1BE30A5B}.Release|x64.Build.0 = Release|x64
		{9A9E01BD-1246-4C0B-A58E-D2CC1BE30A5B}.Release|x86.ActiveCfg = Release|Win32
		{9A9E01BD-1246-4C0B-A58E-D2CC1BE30A5B}.Release|x86.Build.0 = Release|Win32
		{93270410-B79C-475D-9D18-5E1F1FDC856D}.Debug|x64.ActiveCfg = Debug|x64
		{93270410-B79C-475D-9D18-5E1F1FDC856D}.Debug|x64.Build.0 = Debug|x64
		{93270410-B79C-475D-9D18-5E1F1FDC856D}.Debug|x86.ActiveCfg = Debug|Win32
		{93270410-B79C-475D-9D18-5E1F1FDC856D}.Debug|x86.Build.0 = Debug|Win32
		{93270410-B79C-475D-9D18-5E1F1FDC856D}.Release|x64.ActiveCfg = Release|x64
		{93270410-B79C-475D-9D18-5E1F1FDC856D}.Release|x64.Build.0 = Release|x64
		{93270410-B79C-475D-9D18-5E1F1FDC856D}.Release|x86.ActiveCfg = Release|Win32
		{93270410-B79C-475D-9D18-5E1F1FDC856D}.Release|x86.Build.0 = Release|Win32
		{1B2B353D-7B89-4746-9403-01E828F8F99B}.Debug|x64.ActiveCfg = Debug|x64
		{1B2B353D-7B89-4746-9403-01E828F8F99B}.Debug|x64.Build.0 = Debug|x64
		{1B2B353D-7B89-4746-9403-01E828F8F99B}.Debug|x86.ActiveCfg = Debug|Win32
		{1B2B353D-7B89-4746-9403-01E828F8F99B}.Debug|x86.Build.0 = Debug|Win32
		{1B2B353D-7B89-4746-9403-01E828F8F99B}.Release|x64.ActiveCfg = Release|x64
		{1B2B353D-7B89-4746-9403-01E828F8F99B}.Release|x64.Build.0 = Release|x64
		{1B2B353D-7B89-4746-9403-01E828F8F99B}.Release|x86.ActiveCfg = Release|Win32
		{1B2B353D-7B89-4746-9403-01E828F8F99B}.Release|x86.Build.0 = Release|Win32
		{89743264-9333-401A-83F9-FE1DF4DB79FA}.Debug|x64.ActiveCfg = Debug|x64
		{89743264-9333-401A-83F9-FE1DF4DB79FA}.Debug|x64.Build.0 = Debug|x64
		{89743264-9333-401A-83F9-FE1DF4DB79FA}.Debug|x86.ActiveCfg = Debug|Win32
		{89743264-9333-401A-83F9-FE1DF4DB79FA}.Debug|x86.Build.0 = Debug|Win32
		{89743264-9333-401A-83F9-FE1DF4DB79FA}.Release|x64.ActiveCfg = Release|x64
		{89743264-9333-401A-83F9-FE1DF4DB79FA}.Release|x64.Build.0 = Release|x64
		{89743264-9333-401A-83F9-FE1DF4DB79FA}.Release|x86.ActiveCfg = Release|Win32
		{89743264-9333-401A-83F9-FE1DF4DB79FA}.Release|x86.Build.0 = Release|Win32
		{61F366F6-C796-4C6D-9D4C-9B05B7DB8783}.Debug|x64.ActiveCfg = Debug|x64
		{61F366F6-C796-4C6D-9D4C-9B05B7DB8783}.Debug|x64.Build.0 = Debug|x64
		{61F366F6-C796-4C6D-9D4C-9B05B7DB8783}.Debug|x86.ActiveCfg = Debug|Win32
		{61F366F6-C796-4C6D-9D4C-9B05B7DB8783}.Debug|x86.Build.0 = Debug|Win32
		{61F366F6-C796-4C6D-9D4C-9B05B7DB8783}.Release|x64.ActiveCfg = Release|x64
		{61F366F6-C796-4C6D-9D4C-9B05B7DB8783}.Release|x64.Build.0 = Release|x64
		{61F366F6-C796-4C6D-9D4C-9B05B7DB8783}.Release|x86.ActiveCfg = Release|Win32
		{61F366F6-C796-4C6D-9D4C-9B05B7DB8783}.Release|x86.Build.0 = Release|Win32
		{FF6E7EA3-511B-40B0-B778-BF4D4B53F7B7}.Debug|x64.ActiveCfg = Debug|x64
		{FF6E7EA3-511B-40B0-B778-BF4D4B53F7B7}.Debug|x64.Build.0 = Debug|x64
		{FF6E7EA3-511B-40B0-B778-BF4D4B53F7B7}.Debug|x86.ActiveCfg = Debug|Win32
		{FF6E7EA3-511B-40B0-B778-BF4D4B53F7B7}.Debug|x86.Build.0 = Debug|Win32
		{FF6E7EA3-511B-40B0-B778-BF4D4B53F7B7}.Release|x64.ActiveCfg = Release|x64
		{FF6E7EA3-511B-40B0-B778-BF4D4B53F7B7}.Release|x64.Build.0 = Release|x64
		{FF6E7EA3-511B-40B0-B778-BF4D4B53F7B7}.Release|x86.ActiveCfg = Release|Win32
		{FF6E7EA3-511B-40B0-B778-BF4D4B53F7B7}.Release|x86.Build.0 = Release|Win32
		{A816802B-DCE6-46CB-9349-E7467574BF47}.Debug|x64.ActiveCfg = Debug|x64
		{A816802B-DCE6-46CB-9349-E7467574BF47}.Debug|x64.Build.0 = Debug|x64
		{A816802B-DCE6-46CB-9349-E7467574BF47}.Debug|x86.ActiveCfg = Debug|Win32
		{A816802B-DCE6-46CB-9349-E7467574BF47}.Debug|x86.Build.0 = Debug|Win32
		{A816802B-DCE6-46CB-9349-E7467574BF47}.Release|x64.ActiveCfg = Release|x64
		{A816802B-DCE6-46CB-9349-E7467574BF47}.Release|x64.Build.0 = Release|x64
		{A816802B-DCE6-46CB-9349-E7467574BF47}.Release|x86.ActiveCfg = Release|Win32
		{A816802B-DCE6-46CB-9349-E7467574BF47}.Release|x86.Build.0 = Release|Win32
		{02A12A1A-1D63-44FE-85D4-14467B743572}.Debug|x64.ActiveCfg = Debug|x64
		{02A12A1A-1D63-44FE-85D4-14467B743572}.Debug|x64.Build.0 = Debug|x64
		{02A12A1A-1D63-44FE-85D4-14467B743572}.Debug|x86.ActiveCfg = Debug|Win32
		{02A12A1A-1D63-44FE-85D4-14467B743572}.Debug|x86.Build.0 = Debug|Win32
		{02A12A1A-1D63-44FE-85D4-14467B743572}.Release|x64.ActiveCfg = Release|x64
		{02A12A1A-1D63-44FE-85D4-14467B743572}.Release|x64.Build.0 = Release|x64
		{02A12A1A-1D63-44FE-85D4-14467B743572}.Release|x86.ActiveCfg = Release|Win32
		{02A12A1A-1D63-44FE-85D4-14467B743572}.Release|x86.Build.0 = Release|Win32
		{E42607D1-CCA2-46D7-BD42-6A1EC63A73AA}.Debug|x64.ActiveCfg = Debug|x64
		{E42607D1-CCA2-46D7-BD42-6A1EC63A73AA}.Debug|x64.Build.0 = Debug|x64
		{E42607D1-CCA2-46D7-BD42-6A1EC63A73AA}.Debug|x86.ActiveCfg = Debug|Win32
		{E42607D1-CCA2-46D7-BD42-6A1EC63A73AA}.Debug|x86.Build.0 = Debug|Win32
		{E42607D1-CCA2-46D7-BD42-6A1EC63A73AA}.Release|x64.ActiveCfg = Release|x64
		{E42607D1-CCA2-46D7-BD42-6A1EC63A73AA}.Release|x64.Build.0 = Release|x64
		{E42607D1-CCA2-46D7-BD42-6A1EC63A73AA}.Release|x86.ActiveCfg = Release|Win32
		{E42607D1-CCA2-46D7-BD42-6A1EC63A73AA}.Release|x86.Build.0 = Release|Win32
		{E8048AF5-801A-4E7F-BE2A-BD66B69947AF}.Debug|x64.ActiveCfg = Debug|x64
		{E8048AF5-801A-4E7F-BE2A-BD66B69947AF}.Debug|x64.Build.0 = Debug|x64
		{E8048AF5-801A-4E7F-BE2A-BD66B69947AF}.Debug|x86.ActiveCfg = Debug|Win32
		{E8048AF5-801A-4E7F-BE2A-BD66B69947AF}.Debug|x86.Build.0 = Debug|Win32
		{E8048AF5-801A-4E7F-BE2A-BD66B69947AF}.Release|x64.ActiveCfg = Release|x64
		{E8048AF5-801A-4E7F-BE2A-BD66B69947AF}.Release|x64.Build.0 = Release|x64
		{E8048AF5-801A-4E7F-BE2A-BD66B69947AF}.Release|x86.ActiveCfg = Release|Win32
		{E8048AF5-801A-4E7F-BE2A-BD66B69947AF}.Release|x86.Build.0 = Release|Win32
		{128B8151-F6C2-42E4-B0B0-D6271BF1C562}.Debug|x64.ActiveCfg = Debug|x64
		{128B8151-F6C2-42E4-B0B0-D6271BF1C562}.Debug|x64.Build.0 = Debug|x64
		{128B8151-F6C2-42E4-B0B0-D6271BF1C562}.Debug|x86.ActiveCfg = Debug|Win32
		{128B8151-F6C2-42E4-B0B0-D6271BF1C562}.Debug|x86.Build.0 = Debug|Win32
		{128B8151-F6C2-42E4-B0B0-D6271BF1C562}.Release|x64.ActiveCfg = Release|x64
		{128B8151-F6C2-42E4-B0B0-D6271BF1C562}.Release|x64.Build.0 = Release|x64
		{128B8151-F6C2-42E4-B0B0-D6271BF1C562}.Release|x86.ActiveCfg = Release|Win32
		{128B8151-F6C2-42E4-B0B0-D6271BF1C562}.Release|x86.Build.0 = Release|Win32
		{E89173F5-7018-45F7-B5F4-FDD894E5CB56}.Debug|x64.ActiveCfg = Debug|x64
		{E89173F5-7018-45F7-B5F4-FDD894E5CB56}.Debug|x64.Build.0 = Debug|x64
		{E89173F5-7018-45F7-B5F4-FDD894E5CB56}.Debug|x86.ActiveCfg = Debug|Win32
		{E89173F5-7018-45F7-B5F4-FDD894E5CB56}.Debug|x86.Build.0 = Debug|Win32
		{E89173F5-7018-45F7-B5F4-FDD894E5CB56}.Release|x64.ActiveCfg = Release|x64
		{E89173F5-7018-45F7-B5F4-FDD894E5CB56}.Release|x64.Build.0 = Release|x64
		{E89173F5-7018-45F7-B5F4-FDD894E5CB56}.Release|x86.ActiveCfg = Release|Win32
		{E89173F5-7018-45F7-B5F4-FDD894E5CB56}.Release|x86.Build.0 = Release|Win32
		{4AFE7218-546A-419B-B31E-9E8A8E03BB0A}.Debug|x64.ActiveCfg = Debug|x64
		{4AFE7218-546A-419B-B31E-9E8A8E03BB0A}.Debug|x64.Build.0 = Debug|x64
		{4AFE7218-546A-419B-B31E-9E8A8E03BB0A}.Debug|x86.ActiveCfg = Debug|Win32
		{4AFE7218-546A-419B-B31E-9E8A8E03BB0A}.Debug|x86.Build.0 = Debug|Win32
		{4AFE7218-546A-419B-B31E-9E8A8E03BB0A}.Release|x64.ActiveCfg = Release|x64
		{4AFE7218-546A-419B-B31E-9E8A8E03BB0A}.Release|x64.Build.0 = Release|x64
		{4AFE7218-546A-419B-B31E-9E8A8E03BB0A}.Release|x86.ActiveCfg = Release|Win32
		{4AFE7218-546A-419B-B31E-9E8A8E03BB0A}.Release|x86.Build.0 = Release|Win32
		{88C30752-686C-4541-BE45-FC59BFBD9D83}.Debug|x64.ActiveCfg = Debug|x64
		{88C30752-686C-4541-BE45-FC59BFBD9D83}.Debug|x64.Build.0 = Debug|x64
		{88C30752-686C-4541-BE45-FC59BFBD9D83}.Debug|x86.ActiveCfg = Debug|Win32
		{88C30752-686C-4541-BE45-FC59BFBD9D83}.Debug|x86.Build.0 = Debug|Win32
		{88C30752-686C-4541-BE45-FC59BFBD9D83}.Release|x64.ActiveCfg = Release|x64
		{88C30752-686C-4541-BE45-FC59BFBD9D83}.Release|x64.Build.0 = Release|x64
		{88C30752-686C-4541-BE45-FC59BFBD9D83}.Release|x86.ActiveCfg = Release|Win32
		{88C30752-686C-4541-BE45-FC59BFBD9D83}.Release|x86.Build.0 = Release|Win32
		{5D8D52CF-0EA4-4256-A38D-11D2E7DBFA59}.Debug|x64.ActiveCfg = Debug|x64
		{5D8D52CF-0EA4-4256-A38D-11D2E7DBFA59}.Debug|x64.Build.0 = Debug|x64
		{5D8D52CF-0EA4-4256-A38D-11D2E7DBFA59}.Debug|x86.ActiveCfg = Debug|Win32
		{5D8D52CF-0EA4-4256-A38D-11D2E7DBFA59}.Debug|x86.Build.0 = Debug|Win32
		{5D8D52CF-0EA4-4256-A38D-11D2E7DBFA59}.Release|x64.ActiveCfg = Release|x64
		{5D8D52CF-0EA4-4256-A38D-11D2E7DBFA59}.Release|x64.Build.0 = Release|x64
		{5D8D52CF-0EA4-4256-A38D-11D2E7DBFA59}.Release|x86.ActiveCfg = Release|Win32
		{5D8D52CF-0EA4-4256-A38D-11D2E7DBFA59}.Release|x86.Build.0 = Release|Win32
		{1DC748B7-9412-4D85-BB23-649C49D7818D}.Debug|x64.ActiveCfg = Debug|x64
		{1DC748B7-9412-4D85-BB23-649C49D7818D}.Debug|x64.Build.0 = Debug|x64
		{1DC748B7-9412-4D85-BB23-649C49D7818D}.Debug|x86.ActiveCfg = Debug|Win32
		{1DC748B7-9412-4D85-BB23-649C49D7818D}.Debug|x86.Build.0 = Debug|Win32
		{1DC748B7-9412-4D85-BB23-649C49D7818D}.Release|x64.ActiveCfg = Release|x64
		{1DC748B7-9412-4D85-BB23-649C49D7818D}.Release|x64.Build.0 = Release|x64
		{1DC748B7-9412-4D85-BB23-649C49D7818D}.Release|x86.ActiveCfg = Release|Win32
		{1DC748B7-9412-4D85-BB23-649C49D7818D}.Release|x86.Build.0 = Release|Win32
		{550F7076-8EC3-437A-854D-41488280E18D}.Debug|x64.ActiveCfg = Debug|x64
		{550F7076-8EC3-437A-854D-41488280E18D}.Debug|x64.Build.0 = Debug|x64
		{550F7076-8EC3-437A-854D-41488280E18D}.Debug|x86.ActiveCfg = Debug|Win32
		{550F7076-8EC3-437A-854D-41488280E18D}.Debug|x86.Build.0 = Debug|Win32
		{550F7076-8EC3-437A-854D-41488280E18D}.Release|x64.ActiveCfg = Release|x64
		{550F7076-8EC3-437A-854D-41488280E18D}.Release|x64.Build.0 = Release|x64
		{550F7076-8EC3-437A-854D-41488280E18D}.Release|x86.ActiveCfg = Release|Win32
		{550F7076-8EC3-437A-854D-41488280E18D}.Release|x86.Build.0 = Release|Win32
		{D5AB0B63-2532-4EF4-B8A6-C74D6577F90E}.Debug|x64.ActiveCfg = Debug|x64
		{D5AB0B63-2532-4EF4-B8A6-C74D6577F90E}.Debug|x64.Build.0 = Debug|x64
		{D5AB0B63-2532-4EF4-B8A6-C74D6577F90E}.Debug|x86.ActiveCfg = Debug|Win32
		{D5AB0B63-2532-4EF4-B8A6-C74D6577F90E}.Debug|x86.Build.0 = Debug|Win32
		{D5AB0B63-2532-4EF4-B8A6-C74D6577F90E}.Release|x64.ActiveCfg = Release|x64
		{D5AB0B63-2532-4EF4-B8A6-C74D6577F90E}.Release|x64.Build.0 = Release|x64
		{D5AB0B63-2532-4EF4-B8A6-C74D6577F90E}.Release|x86.ActiveCfg = Release|Win32
		{D5AB0B63-2532-4EF4-B8A6-C74D6577F90E}.Release|x86.Build.0 = Release|Win32
		{AF6E576B-31E9-4838-AA42-1CDC5F7A2167}.Debug|x64.ActiveCfg = Debug|x64
		{AF6E576B-31E9-4838-AA42-1CDC5F7A2167}.Debug|x64.Build.0 = Debug|x64
		{AF6E576B-31E9-4838-AA42-1CDC5F7A2167}.Debug|x86.ActiveCfg = Debug|Win32
		{AF6E576B-31E9-4838-AA42-1CDC5F7A2167}.Debug|x86.Build.0 = Debug|Win32
		{AF6E576B-31E9-4838-AA42-1CDC5F7A2167}.Release|x64.ActiveCfg = Release|x64
		{AF6E576B-31E9-4838-AA42-1CDC5F7A2167}.Release|x64.Build.0 = Release|x64
		{AF6E576B-31E9-4838-AA42-1CDC5F7A2167}.Release|x86.ActiveCfg = Release|Win32
		{AF6E576B-31E9-4838-AA42-1CDC5F7A2167}.Release|x86.Build.0 = Release|Win32
		{FC25100A-7915-4030-BEE1-B2AEE8EF8D57}.Debug|x64.ActiveCfg = Debug|x64
		{FC25100A-7915-4030-BEE1-B2AEE8EF8D57}.Debug|x64.Build.0 = Debug|x64
		{FC25100A-7915-4030-BEE1-B2AEE8EF8D57}.Debug|x86.ActiveCfg = Debug|Win32
		{FC25100A-7915-4030-BEE1-B2AEE8EF8D57}.Debug|x86.Build.0 = Debug|Win32
		{FC25100A-7915-4030-BEE1-B2AEE8EF8D57}.Release|x64.ActiveCfg = Release|x64
		{FC25100A-7915-4030-BEE1-B2AEE8EF8D57}.Release|x64.Build.0 = Release|x64
		{FC25100A-7915-4030-BEE1-B2AEE8EF8D57}.Release|x86.ActiveCfg = Release|Win32
		{FC25100A-7915-4030-BEE1-B2AEE8EF8D57}.Release|x86.Build.0 = Release|Win32
		{9C4E2BB9-FFDF-40E5-9C20-72E8D4ED2B15}.Debug|x64.ActiveCfg = Debug|x64
		{9C4E2BB9-FFDF-40E5-9C20-72E8D4ED2B15}.Debug|x64.Build.0 = Debug|x64
		{9C4E2BB9-FFDF-40E5-9C20-72E8D4ED2B15}.Debug|x86.ActiveCfg = Debug|Win32
		{9C4E2BB9-FFDF-40E5-9C20-72E8D4ED2B15}.Debug|x86.Build.0 = Debug|Win32
		{9C4E2BB9-FFDF-40E5-9C20-72E8D4ED2B15}.Release|x64.ActiveCfg = Release|x64
		{9C4E2BB9-FFDF-40E5-9C20-72E8D4ED2B15}.Release|x64.Build.0 = Release|x64
		{9C4E2BB9-FFDF-40E5-9C20-72E8D4ED2B15}.Release|x86.ActiveCfg = Release|Win32
		{9C4E2BB9-FFDF-40E5-9C20-72E8D4ED2B15}.Release|x86.Build.0 = Release|Win32
		{48D7B799-538C-4F41-AA4A-A5EBD936AD2F}.Debug|x64.ActiveCfg = Debug|x64
		{48D7B799-538C-4F41-AA4A-A5EBD936AD2F}.Debug|x64.Build.0 = Debug|x64
		{48D7B799-538C-4F41-AA4A-A5EBD936AD2F}.Debug|x86.ActiveCfg = Debug|Win32
		{48D7B799-538C-4F41-AA4A-A5EBD936AD2F}.Debug|x86.Build.0 = Debug|Win32
		{48D7B799-538C-4F41-AA4A-A5EBD936AD2F}.Release|x64.ActiveCfg = Release|x64
		{48D7B799-538C-4F41-AA4A-A5EBD936AD2F}.Release|x64.Build.0 = Release|x64
		{48D7B799-538C-4F41-AA4A-A5EBD936AD2F}.Release|x86.ActiveCfg = Release|Win32
		{48D7B799-538C-4F41-AA4A-A5EBD936AD2F}.Release|x86.Build.0 = Release|Win32
		{A15D12E2-E1D5-4D09-B54C-7F50955705CB}.Debug|x64.ActiveCfg = Debug|x64
		{A15D12E2-E1D5-4D09-B54C-7F50955705CB}.Debug|x64.Build.0 = Debug|x64
		{A15D12E2-E1D5-4D09-B54C-7F50955705CB}.Debug|x86.ActiveCfg = Debug|Win32
		{A15D12E2-E1D5-4D09-B54C-7F50955705CB}.Debug|x86.Build.0 = Debug|Win32
		{A15D12E2-E1D5-4D09-B54C-7F50955705CB}.Release|x64.ActiveCfg = Release|x64
		{A15D12E2-E1D5-4D09-B54C-7F50955705CB}.Release|x64.Build.0 = Release|x64
		{A15D12E2-E1D5-4D09-B54C-7F50955705CB}.Release|x86.ActiveCfg = Release|Win32
		{A15D12E2-E1D5-4D09-B54C-7F50955705CB}.Release|x86.Build.0 = Release|Win32
		{201BAF97-F7C3-4C58-BC75-E93AB9BD7DB9}.Debug|x64.ActiveCfg = Debug|x64
		{201BAF97-F7C3-4C58-BC75-E93AB9BD7DB9}.Debug|x64.Build.0 = Debug|x64
		{201BAF97-F7C3-4C58-BC75-E93AB9BD7DB9}.Debug|x86.ActiveCfg = Debug|Win32
		{201BAF97-F7C3-4C58-BC75-E93AB9BD7DB9}.Debug|x86.Build.0 = Debug|Win32
		{201BAF97-F7C3-4C58-BC75-E93AB9BD7DB9}.Release|x64.ActiveCfg = Release|x64
		{201BAF97-F7C3-4C58-BC75-E93AB9BD7DB9}.Release|x64.Build.0 = Release|x64
		{201BAF97-F7C3-4C58-BC75-E93AB9BD7DB9}.Release|x86.ActiveCfg = Release|Win32
		{201BAF97-F7C3-4C58-BC75-E93AB9BD7DB9}.Release|x86.Build.0 = Release|Win32
		{220E9FB0-3BD1-4D56-9CEE-CD1864E2304C}.Debug|x64.ActiveCfg = Debug|x64
		{220E9FB0-3BD1-4D56-9CEE-CD1864E2304C}.Debug|x64.Build.0 = Debug|x64
		{220E9FB0-3BD1-4D56-9CEE-CD1864E2304C}.Debug|x86.ActiveCfg = Debug|Win32
		{220E9FB0-3BD1-4D56-9CEE-CD1864E2304C}.Debug|x86.Build.0 = Debug|Win32
		{220E9FB0-3BD1-4D56-9CEE-CD1864E2304C}.Release|x64.ActiveCfg = Release|x64
		{220E9FB0-3BD1-4D56-9CEE-CD1864E2304C}.Release|x64.Build.0 = Release|x64
		{220E9FB0-3BD1-4D56-9CEE-CD1864E2304C}.Release|x86.ActiveCfg = Release|Win32
		{220E9FB0-3BD1-4D56-9CEE-CD1864E2304C}.Release|x86.Build.0 = Release|Win32
		{F94D6333-8992-4F8D-92EC-D52F287EE0D1}.Debug|x64.ActiveCfg = Debug|x64
		{F94D6333-8992-4F8D-92EC-D52F287EE0D1}.Debug|x64.Build.0 = Debug|x64
		{F94D6333-8992-4F8D-92EC-D52F287EE0D1}.Debug|x86.ActiveCfg = Debug|Win32
		{F94D6333-8992-4F8D-92EC-D52F287EE0D1}.Debug|x86.Build.0 = Debug|Win32
		{F94D6333-8992-4F8D-92EC-D52F287EE0D1}.Release|x64.ActiveCfg = Release|x64
		{F94D6333-8992-4F8D-92EC-D52F287EE0D1}.Release|x64.Build.0 = Release|x64
		{F94D6333-8992-4F8D-92EC-D52F287EE0D1}.Release|x86.ActiveCfg = Release|Win32
		{F94D6333-8992-4F8D-92EC-D52F287EE0D1}.Release|x86.Build.0 = Release|Win32
		{DACE6C57-23BF-4E6C-9988-354AA3A7E691}.Debug|x64.ActiveCfg = Debug|x64
		{DACE6C57-23BF-4E6C-9988-354AA3A7E691}.Debug|x64.Build.0 = Debug|x64
		{DACE6C57-23BF-4E6C-9988-354AA3A7E691}.Debug|x86.ActiveCfg = Debug|Win32
		{DACE6C57-23BF-4E6C-9988-354AA3A7E691}.Debug|x86.Build.0 = Debug|Win32
		{DACE6C57-23BF-4E6C-9988-354AA3A7E691}.Release|x64.ActiveCfg = Release|x64
		{DACE6C57-23BF-4E6C-9988-354AA3A7E691}.Release|x64.Build.0 = Release|x64
		{DACE6C57-23BF-4E6C-9988-354AA3A7E691}.Release|x86.ActiveCfg = Release|Win32
		{DACE6C57-23BF-4E6C-9988-354AA3A7E691}.Release|x86.Build.0 = Release|Win32
		{A8244B78-DA5C-4837-B1D5-D840D27CC2E1}.Debug|x64.ActiveCfg = Debug|x64
		{A8244B78-DA5C-4837-B1D5-D840D27CC2E1}.Debug|x64.Build.0 = Debug|x64
		{A8244B78-DA5C-4837-B1D5-D840D27CC2E1}.Debug|x86.ActiveCfg = Debug|Win32
		{A8244B78-DA5C-4837-B1D5-D840D27CC2E1}.Debug|x86.Build.0 = Debug|Win32
		{A8244B78-DA5C-4837-B1D5-D840D27CC2E1}.Release|x64.ActiveCfg = Release|x64
		{A8244B78-DA5C-4837-B1D5-D840D27CC2E1}.Release|x64.Build.0 = Release|x64
		{A8244B78-DA5C-4837-B1D5-D840D27CC2E1}.Release|x86.ActiveCfg = Release|Win32
		{A8244B78-DA5C-4837-B1D5-D840D27CC2E1}.Release|x86.Build.0 = Release|Win32
		{B56A2B52-1315-4310-9F09-EDA1571C29E8}.Debug|x64.ActiveCfg = Debug|x64
		{B56A2B52-1315-4310-9F09-EDA1571C29E8}.Debug|x64.Build.0 = Debug|x64
		{B56A2B52-1315-4310-9F09-EDA1571C29E8}.Debug|x86.ActiveCfg = Debug|Win32
		{B56A2B52-1315-4310-9F09-EDA1571C29E8}.Debug|x86.Build.0 = Debug|Win32
		{B56A2B52-1315-4310-9F09-EDA1571C29E8}.Release|x64.ActiveCfg = Release|x64
		{B56A2B52-1315-4310-9F09-EDA1571C29E8}.Release|x64.Build.0 = Release|x64
		{B56A2B52-1315-4310-9F09-EDA1571C29E8}.Release|x86.ActiveCfg = Release|Win32
		{B56A2B52-1315-4310-9F09-EDA1571C29E8}.Release|x86.Build.0 = Release|Win32
		{1E06B3D9-DDC0-428A-83D5-7042FE1662E5}.Debug|x64.ActiveCfg = Debug|x64
		{1E06B3D9-DDC0-428A-83D5-7042FE1662E5}.Debug|x64.Build.0 = Debug|x64
		{1E06B3D9-DDC0-428A-83D5-7042FE1662E5}.Debug|x86.ActiveCfg = Debug|Win32
		{1E06B3D9-DDC0-428A-83D5-7042FE1662E5}.Debug|x86.Build.0 = Debug|Win32
		{1E06B3D9-DDC0-428A-83D5-7042FE1662E5}.Release|x64.ActiveCfg = Release|x64
		{1E06B3D9-DDC0-428A-83D5-7042FE1662E5}.Release|x64.Build.0 = Release|x64
		{1E06B3D9-DDC0-428A-83D5-7042FE1662E5}.Release|x86.ActiveCfg = Release|Win32
		{1E06B3D9-DDC0-428A-83D5-7042FE1662E5}.Release|x86.Build.0 = Release|Win32
		{B4C54506-5BF7-42E6-95DA-54101C09FFCF}.Debug|x64.ActiveCfg = Debug|x64
		{B4C54506-5BF7-42E6-95DA-54101C09FFCF}.Debug|x64.Build.0 = Debug|x64
		{B4C54506-5BF7-42E6-95DA-54101C09FFCF}.Debug|x86.ActiveCfg = Debug|Win32
		{B4C54506-5BF7-42E6-95DA-54101C09FFCF}.Debug|x86.Build.0 = Debug|Win32
		{B4C54506-5BF7-42E6-95DA-54101C09FFCF}.Release|x64.ActiveCfg = Release|x64
		{B4C54506-5BF7-42E6-95DA-54101C09FFCF}.Release|x64.Build.0 = Release|x64
		{B4C54506-5BF7-42E6-95DA-54101C09FFCF}.Release|x86.ActiveCfg = Release|Win32
		{B4C54506-5BF7-42E6-95DA-54101C09FFCF}.Release|x86.Build.0 = Release|Win32
		{EB003B1B-8B74-42A1-B5F3-8D33484086F6}.Debug|x64.ActiveCfg = Debug|x64
		{EB003B1B-8B74-42A1-B5F3-8D33484086F6}.Debug|x64.Build.0 = Debug|x64
		{EB003B1B-8B74-42A1-B5F3-8D33484086F6}.Debug|x86.ActiveCfg = Debug|Win32
		{EB003B1B-8B74-42A1-B5F3-8D33484086F6}.Debug|x86.Build.0 = Debug|Win32
		{EB003B1B-8B74-42A1-B5F3-8D33484086F6}.Release|x64.ActiveCfg = Release|x64
		{EB003B1B-8B74-42A1-B5F3-8D33484086F6}.Release|x64.Build.0 = Release|x64
		{EB003B1B-8B74-42A1-B5F3-8D33484086F6}.Release|x86.ActiveCfg = Release|Win32
		{EB003B1B-8B74-42A1-B5F3-8D33484086F6}.Release|x86.Build.0 = Release|Win32
		{94E7B97C-63A0-4994-98F5-B3E4AB74047E}.Debug|x64.ActiveCfg = Debug|x64
		{94E7B97C-63A0-4994-98F5-B3E4AB74047E}.Debug|x64.Build.0 = Debug|x64
		{94E7B97C-63A0-4994-98F5-B3E4AB74047E}.Debug|x86.ActiveCfg = Debug|Win32
		{94E7B97C-63A0-4994-98F5-B3E4AB74047E}.Debug|x86.Build.0 = Debug|Win32
		{94E7B97C-63A0-4994-98F5-B3E4AB74047E}.Release|x64.ActiveCfg = Release|x64
		{94E7B97C-63A0-4994-98F5-B3E4AB74047E}.Release|x64.Build.0 = Release|x64
		{94E7B97C-63A0-4994-98F5-B3E4AB74047E}.Release|x86.ActiveCfg = Release|Win32
		{94E7B97C-63A0-4994-98F5-B3E4AB74047E}.Release|x86.Build.0 = Release|Win32
	EndGlobalSection
	GlobalSection(SolutionProperties) = preSolution
		HideSolutionNode = FALSE
	EndGlobalSection
	GlobalSection(ExtensibilityGlobals) = postSolution
		SolutionGuid = {2D7248EC-1EB0-4F4F-AEEF-0A0F70D2E1BA}
	EndGlobalSection
EndGlobal
