
Microsoft Visual Studio Solution File, Format Version 12.00
# Visual Studio Version 17
VisualStudioVersion = 17.3.32922.545
MinimumVisualStudioVersion = 10.0.40219.1
Project("{8BC9CEB8-8B4A-11D0-8D11-00A0C91BC942}") = "test1", "test1.vcxproj", "{E1D40269-6DFC-465D-A3BD-5445B183FCBB}"
EndProject
Project("{8BC9CEB8-8B4A-11D0-8D11-00A0C91BC942}") = "test2", "test2.vcxproj", "{1747844E-FCF0-4D8A-9348-8363D4A01913}"
EndProject
Project("{8BC9CEB8-8B4A-11D0-8D11-00A0C91BC942}") = "test3", "test3.vcxproj", "{9344B771-C9A8-4A80-9D54-B0BFE3487B60}"
EndProject
Project("{8BC9CEB8-8B4A-11D0-8D11-00A0C91BC942}") = "test4", "test4.vcxproj", "{F5B47C87-4DC8-41A1-B613-E2267FF40181}"
EndProject
Project("{8BC9CEB8-8B4A-11D0-8D11-00A0C91BC942}") = "test47", "test47.vcxproj", "{94E7B97C-63A0-4994-98F5-B3E4AB74047E}"
EndProject
Global
	GlobalSection(SolutionConfigurationPlatforms) = preSolution
		Debug|x64 = Debug|x64
		Debug|x86 = Debug|x86
		Release|x64 = Release|x64
		Release|x86 = Release|x86
	EndGlobalSection
	GlobalSection(ProjectConfigurationPlatforms) = postSolution
		{E1D40269-6DFC-465D-A3BD-5445B183FCBB}.Debug|x64.ActiveCfg = Debug|x64
		{E1D40269-6DFC-465D-A3BD-5445B183FCBB}.Debug|x64.Build.0 = Debug|x64
		{E1D40269-6DFC-465D-A3BD-5445B183FCBB}.Debug|x86.ActiveCfg = Debug|Win32
		{E1D40269-6DFC-465D-A3BD-5445B183FCBB}.Debug|x86.Build.0 = Debug|Win32
		{E1D40269-6DFC-465D-A3BD-5445B183FCBB}.Release|x64.ActiveCfg = Release|x64
		{E1D40269-6DFC-465D-A3BD-5445B183FCBB}.Release|x64.Build.0 = Release|x64
		{E1D40269-6DFC-465D-A3BD-5445B183FCBB}.Release|x86.ActiveCfg = Release|Win32
		{E1D40269-6DFC-465D-A3BD-5445B183FCBB}.Release|x86.Build.0 = Release|Win32
		{1747844E-FCF0-4D8A-9348-8363D4A01913}.Debug|x64.ActiveCfg = Debug|x64
		{1747844E-FCF0-4D8A-9348-8363D4A01913}.Debug|x64.Build.0 = Debug|x64
		{1747844E-FCF0-4D8A-9348-8363D4A01913}.Debug|x86.ActiveCfg = Debug|Win32
		{1747844E-FCF0-4D8A-9348-8363D4A01913}.Debug|x86.Build.0 = Debug|Win32
		{1747844E-FCF0-4D8A-9348-8363D4A01913}.Release|x64.ActiveCfg = Release|x64
		{1747844E-FCF0-4D8A-9348-8363D4A01913}.Release|x64.Build.0 = Release|x64
		{1747844E-FCF0-4D8A-9348-8363D4A01913}.Release|x86.ActiveCfg = Release|Win32
		{1747844E-FCF0-4D8A-9348-8363D4A01913}.Release|x86.Build.0 = Release|Win32
		{9344B771-C9A8-4A80-9D54-B0BFE3487B60}.Debug|x64.ActiveCfg = Debug|x64
		{9344B771-C9A8-4A80-9D54-B0BFE3487B60}.Debug|x64.Build.0 = Debug|x64
		{9344B771-C9A8-4A80-9D54-B0BFE3487B60}.Debug|x86.ActiveCfg = Debug|Win32
		{9344B771-C9A8-4A80-9D54-B0BFE3487B60}.Debug|x86.Build.0 = Debug|Win32
		{9344B771-C9A8-4A80-9D54-B0BFE3487B60}.Release|x64.ActiveCfg = Release|x64
		{9344B771-C9A8-4A80-9D54-B0BFE3487B60}.Release|x64.Build.0 = Release|x64
		{9344B771-C9A8-4A80-9D54-B0BFE3487B60}.Release|x86.ActiveCfg = Release|Win32
		{9344B771-C9A8-4A80-9D54-B0BFE3487B60}.Release|x86.Build.0 = Release|Win32
		{F5B47C87-4DC8-41A1-B613-E2267FF40181}.Debug|x64.ActiveCfg = Debug|x64
		{F5B47C87-4DC8-41A1-B613-E2267FF40181}.Debug|x64.Build.0 = Debug|x64
		{F5B47C87-4DC8-41A1-B613-E2267FF40181}.Debug|x86.ActiveCfg = Debug|Win32
		{F5B47C87-4DC8-41A1-B613-E2267FF40181}.Debug|x86.Build.0 = Debug|Win32
		{F5B47C87-4DC8-41A1-B613-E2267FF40181}.Release|x64.ActiveCfg = Release|x64
		{F5B47C87-4DC8-41A1-B613-E2267FF40181}.Release|x64.Build.0 = Release|x64
		{F5B47C87-4DC8-41A1-B613-E2267FF40181}.Release|x86.ActiveCfg = Release|Win32
		{F5B47C87-4DC8-41A1-B613-E2267FF40181}.Release|x86.Build.0 = Release|Win32
		{94E7B97C-63A0-4994-98F5-B3E4AB74047E}.Debug|x64.ActiveCfg = Debug|x64
		{94E7B97C-63A0-4994-98F5-B3E4AB74047E}.Debug|x64.Build.0 = Debug|x64
		{94E7B97C-63A0-4994-98F5-B3E4AB74047E}.Debug|x86.ActiveCfg = Debug|Win32
		{94E7B97C-63A0-4994-98F5-B3E4AB74047E}.Debug|x86.Build.0 = Debug|Win32
		{94E7B97C-63A0-4994-98F5-B3E4AB74047E}.Release|x64.ActiveCfg = Release|x64
		{94E7B97C-63A0-4994-98F5-B3E4AB74047E}.Release|x64.Build.0 = Release|x64
		{94E7B97C-63A0-4994-98F5-B3E4AB74047E}.Release|x86.ActiveCfg = Release|Win32
		{94E7B97C-63A0-4994-98F5-B3E4AB74047E}.Release|x86.Build.0 = Release|Win32
	EndGlobalSection
	GlobalSection(SolutionProperties) = preSolution
		HideSolutionNode = FALSE
	EndGlobalSection
	GlobalSection(ExtensibilityGlobals) = postSolution
		SolutionGuid = {2D7248EC-1EB0-4F4F-AEEF-0A0F70D2E1BA}
	EndGlobalSection
EndGlobal
